
Microsoft Visual Studio Solution File, Format Version 12.00
# Visual Studio Version 17
VisualStudioVersion = 17.11.35208.52
MinimumVisualStudioVersion = 10.0.40219.1
Project("{FAE04EC0-301F-11D3-BF4B-00C04F79EFBC}") = "CodingChallengesParkP7", "CodingChallengesParkP7.csproj", "{69E58216-3E4A-49F4-9200-59114A3F7389}"
EndProject
Global
	GlobalSection(SolutionConfigurationPlatforms) = preSolution
		Debug|Any CPU = Debug|Any CPU
		Release|Any CPU = Release|Any CPU
	EndGlobalSection
	GlobalSection(ProjectConfigurationPlatforms) = postSolution
		{69E58216-3E4A-49F4-9200-59114A3F7389}.Debug|Any CPU.ActiveCfg = Debug|Any CPU
		{69E58216-3E4A-49F4-9200-59114A3F7389}.Debug|Any CPU.Build.0 = Debug|Any CPU
		{69E58216-3E4A-49F4-9200-59114A3F7389}.Release|Any CPU.ActiveCfg = Release|Any CPU
		{69E58216-3E4A-49F4-9200-59114A3F7389}.Release|Any CPU.Build.0 = Release|Any CPU
	EndGlobalSection
	GlobalSection(SolutionProperties) = preSolution
		HideSolutionNode = FALSE
	EndGlobalSection
	GlobalSection(ExtensibilityGlobals) = postSolution
		SolutionGuid = {043D549D-3BAF-49B5-BA29-994ED3E02876}
	EndGlobalSection
EndGlobal
